
Microsoft Visual Studio Solution File, Format Version 12.00
# Visual Studio Version 16
VisualStudioVersion = 16.0.30114.105
MinimumVisualStudioVersion = 10.0.40219.1
Project("{FAE04EC0-301F-11D3-BF4B-00C04F79EFBC}") = "Domain", "Domain\Domain.csproj", "{B9B1C946-265E-4176-A9D0-D21ACBCE50E7}"
EndProject
Project("{FAE04EC0-301F-11D3-BF4B-00C04F79EFBC}") = "Application", "Application\Application.csproj", "{053CDB84-B96A-4CCF-BAF5-136701CD2DE5}"
EndProject
Project("{FAE04EC0-301F-11D3-BF4B-00C04F79EFBC}") = "Persistence", "Persistence\Persistence.csproj", "{86DB3CBB-ACFB-415A-9C8E-F581AAEDDB77}"
EndProject
Project("{FAE04EC0-301F-11D3-BF4B-00C04F79EFBC}") = "API", "API\API.csproj", "{F462B39F-341F-469E-80E7-4C258DD4719E}"
EndProject
Global
	GlobalSection(SolutionConfigurationPlatforms) = preSolution
		Debug|Any CPU = Debug|Any CPU
		Release|Any CPU = Release|Any CPU
	EndGlobalSection
	GlobalSection(SolutionProperties) = preSolution
		HideSolutionNode = FALSE
	EndGlobalSection
	GlobalSection(ProjectConfigurationPlatforms) = postSolution
		{B9B1C946-265E-4176-A9D0-D21ACBCE50E7}.Debug|Any CPU.ActiveCfg = Debug|Any CPU
		{B9B1C946-265E-4176-A9D0-D21ACBCE50E7}.Debug|Any CPU.Build.0 = Debug|Any CPU
		{B9B1C946-265E-4176-A9D0-D21ACBCE50E7}.Release|Any CPU.ActiveCfg = Release|Any CPU
		{B9B1C946-265E-4176-A9D0-D21ACBCE50E7}.Release|Any CPU.Build.0 = Release|Any CPU
		{053CDB84-B96A-4CCF-BAF5-136701CD2DE5}.Debug|Any CPU.ActiveCfg = Debug|Any CPU
		{053CDB84-B96A-4CCF-BAF5-136701CD2DE5}.Debug|Any CPU.Build.0 = Debug|Any CPU
		{053CDB84-B96A-4CCF-BAF5-136701CD2DE5}.Release|Any CPU.ActiveCfg = Release|Any CPU
		{053CDB84-B96A-4CCF-BAF5-136701CD2DE5}.Release|Any CPU.Build.0 = Release|Any CPU
		{86DB3CBB-ACFB-415A-9C8E-F581AAEDDB77}.Debug|Any CPU.ActiveCfg = Debug|Any CPU
		{86DB3CBB-ACFB-415A-9C8E-F581AAEDDB77}.Debug|Any CPU.Build.0 = Debug|Any CPU
		{86DB3CBB-ACFB-415A-9C8E-F581AAEDDB77}.Release|Any CPU.ActiveCfg = Release|Any CPU
		{86DB3CBB-ACFB-415A-9C8E-F581AAEDDB77}.Release|Any CPU.Build.0 = Release|Any CPU
		{F462B39F-341F-469E-80E7-4C258DD4719E}.Debug|Any CPU.ActiveCfg = Debug|Any CPU
		{F462B39F-341F-469E-80E7-4C258DD4719E}.Debug|Any CPU.Build.0 = Debug|Any CPU
		{F462B39F-341F-469E-80E7-4C258DD4719E}.Release|Any CPU.ActiveCfg = Release|Any CPU
		{F462B39F-341F-469E-80E7-4C258DD4719E}.Release|Any CPU.Build.0 = Release|Any CPU
	EndGlobalSection
EndGlobal
